// !$*UTF8*$!
{
	archiveVersion = 1;
	classes = {
	};
	objectVersion = 77;
	objects = {

/* Begin PBXBuildFile section */
		C31E3DA03051FBB300EAD65C /* WatchMetroGnome_Watch_AppUITestsLaunchTests.swift in Sources */ = {isa = PBXBuildFile; fileRef = C31E3D9E3051FBB300EAD65C /* WatchMetroGnome_Watch_AppUITestsLaunchTests.swift */; };
		C38CCD172EC527D500EDEC45 /* WatchMetroGnome Watch App.app in Embed Watch Content */ = {isa = PBXBuildFile; fileRef = C38CCD162EC527D500EDEC45 /* WatchMetroGnome Watch App.app */; settings = {ATTRIBUTES = (RemoveHeadersOnCopy, ); }; };
/* End PBXBuildFile section */

/* Begin PBXContainerItemProxy section */
		B3F41A8A2E06219C00B9377A /* PBXContainerItemProxy */ = {
			isa = PBXContainerItemProxy;
			containerPortal = B3F41A742E06219B00B9377A /* Project object */;
			proxyType = 1;
			remoteGlobalIDString = B3F41A7B2E06219B00B9377A;
			remoteInfo = MetroGnome;
		};
		B3F41A942E06219C00B9377A /* PBXContainerItemProxy */ = {
			isa = PBXContainerItemProxy;
			containerPortal = B3F41A742E06219B00B9377A /* Project object */;
			proxyType = 1;
			remoteGlobalIDString = B3F41A7B2E06219B00B9377A;
			remoteInfo = MetroGnome;
		};
		C38CCD182EC527D500EDEC45 /* PBXContainerItemProxy */ = {
			isa = PBXContainerItemProxy;
			containerPortal = B3F41A742E06219B00B9377A /* Project object */;
			proxyType = 1;
			remoteGlobalIDString = C38CCD152EC527D500EDEC45;
			remoteInfo = "WatchMetroGnome Watch App";
		};
		C38CCD262EC527D700EDEC45 /* PBXContainerItemProxy */ = {
			isa = PBXContainerItemProxy;
			containerPortal = B3F41A742E06219B00B9377A /* Project object */;
			proxyType = 1;
			remoteGlobalIDString = C38CCD152EC527D500EDEC45;
			remoteInfo = "WatchMetroGnome Watch App";
		};
		C38CCD302EC527D700EDEC45 /* PBXContainerItemProxy */ = {
			isa = PBXContainerItemProxy;
			containerPortal = B3F41A742E06219B00B9377A /* Project object */;
			proxyType = 1;
			remoteGlobalIDString = C38CCD152EC527D500EDEC45;
			remoteInfo = "WatchMetroGnome Watch App";
		};
/* End PBXContainerItemProxy section */

/* Begin PBXCopyFilesBuildPhase section */
		C38CCD392EC527D700EDEC45 /* Embed Watch Content */ = {
			isa = PBXCopyFilesBuildPhase;
			buildActionMask = 2147483647;
			dstPath = "$(CONTENTS_FOLDER_PATH)/Watch";
			dstSubfolderSpec = 16;
			files = (
				C38CCD172EC527D500EDEC45 /* WatchMetroGnome Watch App.app in Embed Watch Content */,
			);
			name = "Embed Watch Content";
			runOnlyForDeploymentPostprocessing = 0;
		};
/* End PBXCopyFilesBuildPhase section */

/* Begin PBXFileReference section */
		B3F41A7C2E06219B00B9377A /* MetroGnome.app */ = {isa = PBXFileReference; explicitFileType = wrapper.application; includeInIndex = 0; path = MetroGnome.app; sourceTree = BUILT_PRODUCTS_DIR; };
		B3F41A892E06219C00B9377A /* MetroGnomeTests.xctest */ = {isa = PBXFileReference; explicitFileType = wrapper.cfbundle; includeInIndex = 0; path = MetroGnomeTests.xctest; sourceTree = BUILT_PRODUCTS_DIR; };
		B3F41A932E06219C00B9377A /* MetroGnomeUITests.xctest */ = {isa = PBXFileReference; explicitFileType = wrapper.cfbundle; includeInIndex = 0; path = MetroGnomeUITests.xctest; sourceTree = BUILT_PRODUCTS_DIR; };
		C31E3D9E3051FBB300EAD65C /* WatchMetroGnome_Watch_AppUITestsLaunchTests.swift */ = {isa = PBXFileReference; lastKnownFileType = sourcecode.swift; path = WatchMetroGnome_Watch_AppUITestsLaunchTests.swift; sourceTree = "<group>"; };
		C38CCD112EC527D500EDEC45 /* WatchMetroGnome.app */ = {isa = PBXFileReference; explicitFileType = wrapper.application; includeInIndex = 0; path = WatchMetroGnome.app; sourceTree = BUILT_PRODUCTS_DIR; };
		C38CCD162EC527D500EDEC45 /* WatchMetroGnome Watch App.app */ = {isa = PBXFileReference; explicitFileType = wrapper.application; includeInIndex = 0; path = "WatchMetroGnome Watch App.app"; sourceTree = BUILT_PRODUCTS_DIR; };
		C38CCD252EC527D700EDEC45 /* WatchMetroGnome Watch AppTests.xctest */ = {isa = PBXFileReference; explicitFileType = wrapper.cfbundle; includeInIndex = 0; path = "WatchMetroGnome Watch AppTests.xctest"; sourceTree = BUILT_PRODUCTS_DIR; };
		C38CCD2F2EC527D700EDEC45 /* WatchMetroGnome Watch AppUITests.xctest */ = {isa = PBXFileReference; explicitFileType = wrapper.cfbundle; includeInIndex = 0; path = "WatchMetroGnome Watch AppUITests.xctest"; sourceTree = BUILT_PRODUCTS_DIR; };
/* End PBXFileReference section */

/* Begin PBXFileSystemSynchronizedRootGroup section */
		B3F41A7E2E06219B00B9377A /* MetroGnome */ = {
			isa = PBXFileSystemSynchronizedRootGroup;
			path = MetroGnome;
			sourceTree = "<group>";
		};
		B3F41A8C2E06219C00B9377A /* MetroGnomeTests */ = {
			isa = PBXFileSystemSynchronizedRootGroup;
			path = MetroGnomeTests;
			sourceTree = "<group>";
		};
		B3F41A962E06219C00B9377A /* MetroGnomeUITests */ = {
			isa = PBXFileSystemSynchronizedRootGroup;
			path = MetroGnomeUITests;
			sourceTree = "<group>";
		};
		C38CCD1A2EC527D500EDEC45 /* WatchMetroGnome Watch App */ = {
			isa = PBXFileSystemSynchronizedRootGroup;
			path = "WatchMetroGnome Watch App";
			sourceTree = "<group>";
		};
		C38CCD282EC527D700EDEC45 /* WatchMetroGnome Watch AppTests */ = {
			isa = PBXFileSystemSynchronizedRootGroup;
			path = "WatchMetroGnome Watch AppTests";
			sourceTree = "<group>";
		};
		C38CCD322EC527D700EDEC45 /* WatchMetroGnome Watch AppUITests */ = {
			isa = PBXFileSystemSynchronizedRootGroup;
			path = "WatchMetroGnome Watch AppUITests";
			sourceTree = "<group>";
		};
/* End PBXFileSystemSynchronizedRootGroup section */

/* Begin PBXFrameworksBuildPhase section */
		B3F41A792E06219B00B9377A /* Frameworks */ = {
			isa = PBXFrameworksBuildPhase;
			buildActionMask = 2147483647;
			files = (
			);
			runOnlyForDeploymentPostprocessing = 0;
		};
		B3F41A862E06219C00B9377A /* Frameworks */ = {
			isa = PBXFrameworksBuildPhase;
			buildActionMask = 2147483647;
			files = (
			);
			runOnlyForDeploymentPostprocessing = 0;
		};
		B3F41A902E06219C00B9377A /* Frameworks */ = {
			isa = PBXFrameworksBuildPhase;
			buildActionMask = 2147483647;
			files = (
			);
			runOnlyForDeploymentPostprocessing = 0;
		};
		C38CCD132EC527D500EDEC45 /* Frameworks */ = {
			isa = PBXFrameworksBuildPhase;
			buildActionMask = 2147483647;
			files = (
			);
			runOnlyForDeploymentPostprocessing = 0;
		};
		C38CCD222EC527D700EDEC45 /* Frameworks */ = {
			isa = PBXFrameworksBuildPhase;
			buildActionMask = 2147483647;
			files = (
			);
			runOnlyForDeploymentPostprocessing = 0;
		};
		C38CCD2C2EC527D700EDEC45 /* Frameworks */ = {
			isa = PBXFrameworksBuildPhase;
			buildActionMask = 2147483647;
			files = (
			);
			runOnlyForDeploymentPostprocessing = 0;
		};
/* End PBXFrameworksBuildPhase section */

/* Begin PBXGroup section */
		B3F41A732E06219B00B9377A = {
			isa = PBXGroup;
			children = (
				B3F41A7E2E06219B00B9377A /* MetroGnome */,
				B3F41A8C2E06219C00B9377A /* MetroGnomeTests */,
				B3F41A962E06219C00B9377A /* MetroGnomeUITests */,
				C38CCD1A2EC527D500EDEC45 /* WatchMetroGnome Watch App */,
				C38CCD282EC527D700EDEC45 /* WatchMetroGnome Watch AppTests */,
				C38CCD322EC527D700EDEC45 /* WatchMetroGnome Watch AppUITests */,
				C31E3D9E3051FBB300EAD65C /* WatchMetroGnome_Watch_AppUITestsLaunchTests.swift */,
				B3F41A7D2E06219B00B9377A /* Products */,
			);
			sourceTree = "<group>";
		};
		B3F41A7D2E06219B00B9377A /* Products */ = {
			isa = PBXGroup;
			children = (
				B3F41A7C2E06219B00B9377A /* MetroGnome.app */,
				B3F41A892E06219C00B9377A /* MetroGnomeTests.xctest */,
				B3F41A932E06219C00B9377A /* MetroGnomeUITests.xctest */,
				C38CCD112EC527D500EDEC45 /* WatchMetroGnome.app */,
				C38CCD162EC527D500EDEC45 /* WatchMetroGnome Watch App.app */,
				C38CCD252EC527D700EDEC45 /* WatchMetroGnome Watch AppTests.xctest */,
				C38CCD2F2EC527D700EDEC45 /* WatchMetroGnome Watch AppUITests.xctest */,
			);
			name = Products;
			sourceTree = "<group>";
		};
/* End PBXGroup section */

/* Begin PBXNativeTarget section */
		B3F41A7B2E06219B00B9377A /* MetroGnome */ = {
			isa = PBXNativeTarget;
			buildConfigurationList = B3F41A9D2E06219C00B9377A /* Build configuration list for PBXNativeTarget "MetroGnome" */;
			buildPhases = (
				B3F41A782E06219B00B9377A /* Sources */,
				B3F41A792E06219B00B9377A /* Frameworks */,
				B3F41A7A2E06219B00B9377A /* Resources */,
			);
			buildRules = (
			);
			dependencies = (
			);
			fileSystemSynchronizedGroups = (
				B3F41A7E2E06219B00B9377A /* MetroGnome */,
			);
			name = MetroGnome;
			packageProductDependencies = (
			);
			productName = MetroGnome;
			productReference = B3F41A7C2E06219B00B9377A /* MetroGnome.app */;
			productType = "com.apple.product-type.application";
		};
		B3F41A882E06219C00B9377A /* MetroGnomeTests */ = {
			isa = PBXNativeTarget;
			buildConfigurationList = B3F41AA02E06219C00B9377A /* Build configuration list for PBXNativeTarget "MetroGnomeTests" */;
			buildPhases = (
				B3F41A852E06219C00B9377A /* Sources */,
				B3F41A862E06219C00B9377A /* Frameworks */,
				B3F41A872E06219C00B9377A /* Resources */,
			);
			buildRules = (
			);
			dependencies = (
				B3F41A8B2E06219C00B9377A /* PBXTargetDependency */,
			);
			fileSystemSynchronizedGroups = (
				B3F41A8C2E06219C00B9377A /* MetroGnomeTests */,
			);
			name = MetroGnomeTests;
			packageProductDependencies = (
			);
			productName = MetroGnomeTests;
			productReference = B3F41A892E06219C00B9377A /* MetroGnomeTests.xctest */;
			productType = "com.apple.product-type.bundle.unit-test";
		};
		B3F41A922E06219C00B9377A /* MetroGnomeUITests */ = {
			isa = PBXNativeTarget;
			buildConfigurationList = B3F41AA32E06219C00B9377A /* Build configuration list for PBXNativeTarget "MetroGnomeUITests" */;
			buildPhases = (
				B3F41A8F2E06219C00B9377A /* Sources */,
				B3F41A902E06219C00B9377A /* Frameworks */,
				B3F41A912E06219C00B9377A /* Resources */,
			);
			buildRules = (
			);
			dependencies = (
				B3F41A952E06219C00B9377A /* PBXTargetDependency */,
			);
			fileSystemSynchronizedGroups = (
				B3F41A962E06219C00B9377A /* MetroGnomeUITests */,
			);
			name = MetroGnomeUITests;
			packageProductDependencies = (
			);
			productName = MetroGnomeUITests;
			productReference = B3F41A932E06219C00B9377A /* MetroGnomeUITests.xctest */;
			productType = "com.apple.product-type.bundle.ui-testing";
		};
		C38CCD102EC527D500EDEC45 /* WatchMetroGnome */ = {
			isa = PBXNativeTarget;
			buildConfigurationList = C38CCD412EC527D700EDEC45 /* Build configuration list for PBXNativeTarget "WatchMetroGnome" */;
			buildPhases = (
				C38CCD0F2EC527D500EDEC45 /* Resources */,
				C38CCD392EC527D700EDEC45 /* Embed Watch Content */,
			);
			buildRules = (
			);
			dependencies = (
				C38CCD192EC527D500EDEC45 /* PBXTargetDependency */,
			);
			name = WatchMetroGnome;
			packageProductDependencies = (
			);
			productName = WatchMetroGnome;
			productReference = C38CCD112EC527D500EDEC45 /* WatchMetroGnome.app */;
			productType = "com.apple.product-type.application.watchapp2-container";
		};
		C38CCD152EC527D500EDEC45 /* WatchMetroGnome Watch App */ = {
			isa = PBXNativeTarget;
			buildConfigurationList = C38CCD402EC527D700EDEC45 /* Build configuration list for PBXNativeTarget "WatchMetroGnome Watch App" */;
			buildPhases = (
				C38CCD122EC527D500EDEC45 /* Sources */,
				C38CCD132EC527D500EDEC45 /* Frameworks */,
				C38CCD142EC527D500EDEC45 /* Resources */,
			);
			buildRules = (
			);
			dependencies = (
			);
			fileSystemSynchronizedGroups = (
				C38CCD1A2EC527D500EDEC45 /* WatchMetroGnome Watch App */,
			);
			name = "WatchMetroGnome Watch App";
			packageProductDependencies = (
			);
			productName = "WatchMetroGnome Watch App";
			productReference = C38CCD162EC527D500EDEC45 /* WatchMetroGnome Watch App.app */;
			productType = "com.apple.product-type.application";
		};
		C38CCD242EC527D700EDEC45 /* WatchMetroGnome Watch AppTests */ = {
			isa = PBXNativeTarget;
			buildConfigurationList = C38CCD422EC527D700EDEC45 /* Build configuration list for PBXNativeTarget "WatchMetroGnome Watch AppTests" */;
			buildPhases = (
				C38CCD212EC527D700EDEC45 /* Sources */,
				C38CCD222EC527D700EDEC45 /* Frameworks */,
				C38CCD232EC527D700EDEC45 /* Resources */,
			);
			buildRules = (
			);
			dependencies = (
				C38CCD272EC527D700EDEC45 /* PBXTargetDependency */,
			);
			fileSystemSynchronizedGroups = (
				C38CCD282EC527D700EDEC45 /* WatchMetroGnome Watch AppTests */,
			);
			name = "WatchMetroGnome Watch AppTests";
			packageProductDependencies = (
			);
			productName = "WatchMetroGnome Watch AppTests";
			productReference = C38CCD252EC527D700EDEC45 /* WatchMetroGnome Watch AppTests.xctest */;
			productType = "com.apple.product-type.bundle.unit-test";
		};
		C38CCD2E2EC527D700EDEC45 /* WatchMetroGnome Watch AppUITests */ = {
			isa = PBXNativeTarget;
			buildConfigurationList = C38CCD432EC527D700EDEC45 /* Build configuration list for PBXNativeTarget "WatchMetroGnome Watch AppUITests" */;
			buildPhases = (
				C38CCD2B2EC527D700EDEC45 /* Sources */,
				C38CCD2C2EC527D700EDEC45 /* Frameworks */,
				C38CCD2D2EC527D700EDEC45 /* Resources */,
			);
			buildRules = (
			);
			dependencies = (
				C38CCD312EC527D700EDEC45 /* PBXTargetDependency */,
			);
			fileSystemSynchronizedGroups = (
				C38CCD322EC527D700EDEC45 /* WatchMetroGnome Watch AppUITests */,
			);
			name = "WatchMetroGnome Watch AppUITests";
			packageProductDependencies = (
			);
			productName = "WatchMetroGnome Watch AppUITests";
			productReference = C38CCD2F2EC527D700EDEC45 /* WatchMetroGnome Watch AppUITests.xctest */;
			productType = "com.apple.product-type.bundle.ui-testing";
		};
/* End PBXNativeTarget section */

/* Begin PBXProject section */
		B3F41A742E06219B00B9377A /* Project object */ = {
			isa = PBXProject;
			attributes = {
				BuildIndependentTargetsInParallel = YES;
				LastSwiftUpdateCheck = 2600;
				LastUpgradeCheck = 1640;
				TargetAttributes = {
					B3F41A7B2E06219B00B9377A = {
						CreatedOnToolsVersion = 16.3;
					};
					B3F41A882E06219C00B9377A = {
						CreatedOnToolsVersion = 16.3;
						TestTargetID = B3F41A7B2E06219B00B9377A;
					};
					B3F41A922E06219C00B9377A = {
						CreatedOnToolsVersion = 16.3;
						TestTargetID = B3F41A7B2E06219B00B9377A;
					};
					C38CCD102EC527D500EDEC45 = {
						CreatedOnToolsVersion = 26.0.1;
					};
					C38CCD152EC527D500EDEC45 = {
						CreatedOnToolsVersion = 26.0.1;
					};
					C38CCD242EC527D700EDEC45 = {
						CreatedOnToolsVersion = 26.0.1;
						TestTargetID = C38CCD152EC527D500EDEC45;
					};
					C38CCD2E2EC527D700EDEC45 = {
						CreatedOnToolsVersion = 26.0.1;
						TestTargetID = C38CCD152EC527D500EDEC45;
					};
				};
			};
			buildConfigurationList = B3F41A772E06219B00B9377A /* Build configuration list for PBXProject "MetroGnome" */;
			developmentRegion = en;
			hasScannedForEncodings = 0;
			knownRegions = (
				en,
				Base,
			);
			mainGroup = B3F41A732E06219B00B9377A;
			minimizedProjectReferenceProxies = 1;
			preferredProjectObjectVersion = 77;
			productRefGroup = B3F41A7D2E06219B00B9377A /* Products */;
			projectDirPath = "";
			projectRoot = "";
			targets = (
				B3F41A7B2E06219B00B9377A /* MetroGnome */,
				B3F41A882E06219C00B9377A /* MetroGnomeTests */,
				B3F41A922E06219C00B9377A /* MetroGnomeUITests */,
				C38CCD102EC527D500EDEC45 /* WatchMetroGnome */,
				C38CCD152EC527D500EDEC45 /* WatchMetroGnome Watch App */,
				C38CCD242EC527D700EDEC45 /* WatchMetroGnome Watch AppTests */,
				C38CCD2E2EC527D700EDEC45 /* WatchMetroGnome Watch AppUITests */,
			);
		};
/* End PBXProject section */

/* Begin PBXResourcesBuildPhase section */
		B3F41A7A2E06219B00B9377A /* Resources */ = {
			isa = PBXResourcesBuildPhase;
			buildActionMask = 2147483647;
			files = (
			);
			runOnlyForDeploymentPostprocessing = 0;
		};
		B3F41A872E06219C00B9377A /* Resources */ = {
			isa = PBXResourcesBuildPhase;
			buildActionMask = 2147483647;
			files = (
			);
			runOnlyForDeploymentPostprocessing = 0;
		};
		B3F41A912E06219C00B9377A /* Resources */ = {
			isa = PBXResourcesBuildPhase;
			buildActionMask = 2147483647;
			files = (
			);
			runOnlyForDeploymentPostprocessing = 0;
		};
		C38CCD0F2EC527D500EDEC45 /* Resources */ = {
			isa = PBXResourcesBuildPhase;
			buildActionMask = 2147483647;
			files = (
			);
			runOnlyForDeploymentPostprocessing = 0;
		};
		C38CCD142EC527D500EDEC45 /* Resources */ = {
			isa = PBXResourcesBuildPhase;
			buildActionMask = 2147483647;
			files = (
			);
			runOnlyForDeploymentPostprocessing = 0;
		};
		C38CCD232EC527D700EDEC45 /* Resources */ = {
			isa = PBXResourcesBuildPhase;
			buildActionMask = 2147483647;
			files = (
			);
			runOnlyForDeploymentPostprocessing = 0;
		};
		C38CCD2D2EC527D700EDEC45 /* Resources */ = {
			isa = PBXResourcesBuildPhase;
			buildActionMask = 2147483647;
			files = (
			);
			runOnlyForDeploymentPostprocessing = 0;
		};
/* End PBXResourcesBuildPhase section */

/* Begin PBXSourcesBuildPhase section */
		B3F41A782E06219B00B9377A /* Sources */ = {
			isa = PBXSourcesBuildPhase;
			buildActionMask = 2147483647;
			files = (
			);
			runOnlyForDeploymentPostprocessing = 0;
		};
		B3F41A852E06219C00B9377A /* Sources */ = {
			isa = PBXSourcesBuildPhase;
			buildActionMask = 2147483647;
			files = (
			);
			runOnlyForDeploymentPostprocessing = 0;
		};
		B3F41A8F2E06219C00B9377A /* Sources */ = {
			isa = PBXSourcesBuildPhase;
			buildActionMask = 2147483647;
			files = (
			);
			runOnlyForDeploymentPostprocessing = 0;
		};
		C38CCD122EC527D500EDEC45 /* Sources */ = {
			isa = PBXSourcesBuildPhase;
			buildActionMask = 2147483647;
			files = (
			);
			runOnlyForDeploymentPostprocessing = 0;
		};
		C38CCD212EC527D700EDEC45 /* Sources */ = {
			isa = PBXSourcesBuildPhase;
			buildActionMask = 2147483647;
			files = (
			);
			runOnlyForDeploymentPostprocessing = 0;
		};
		C38CCD2B2EC527D700EDEC45 /* Sources */ = {
			isa = PBXSourcesBuildPhase;
			buildActionMask = 2147483647;
			files = (
				C31E3DA03051FBB300EAD65C /* WatchMetroGnome_Watch_AppUITestsLaunchTests.swift in Sources */,
			);
			runOnlyForDeploymentPostprocessing = 0;
		};
/* End PBXSourcesBuildPhase section */

/* Begin PBXTargetDependency section */
		B3F41A8B2E06219C00B9377A /* PBXTargetDependency */ = {
			isa = PBXTargetDependency;
			target = B3F41A7B2E06219B00B9377A /* MetroGnome */;
			targetProxy = B3F41A8A2E06219C00B9377A /* PBXContainerItemProxy */;
		};
		B3F41A952E06219C00B9377A /* PBXTargetDependency */ = {
			isa = PBXTargetDependency;
			target = B3F41A7B2E06219B00B9377A /* MetroGnome */;
			targetProxy = B3F41A942E06219C00B9377A /* PBXContainerItemProxy */;
		};
		C38CCD192EC527D500EDEC45 /* PBXTargetDependency */ = {
			isa = PBXTargetDependency;
			target = C38CCD152EC527D500EDEC45 /* WatchMetroGnome Watch App */;
			targetProxy = C38CCD182EC527D500EDEC45 /* PBXContainerItemProxy */;
		};
		C38CCD272EC527D700EDEC45 /* PBXTargetDependency */ = {
			isa = PBXTargetDependency;
			target = C38CCD152EC527D500EDEC45 /* WatchMetroGnome Watch App */;
			targetProxy = C38CCD262EC527D700EDEC45 /* PBXContainerItemProxy */;
		};
		C38CCD312EC527D700EDEC45 /* PBXTargetDependency */ = {
			isa = PBXTargetDependency;
			target = C38CCD152EC527D500EDEC45 /* WatchMetroGnome Watch App */;
			targetProxy = C38CCD302EC527D700EDEC45 /* PBXContainerItemProxy */;
		};
/* End PBXTargetDependency section */

/* Begin XCBuildConfiguration section */
		B3F41A9B2E06219C00B9377A /* Debug */ = {
			isa = XCBuildConfiguration;
			buildSettings = {
				ALWAYS_SEARCH_USER_PATHS = NO;
				ASSETCATALOG_COMPILER_GENERATE_SWIFT_ASSET_SYMBOL_EXTENSIONS = YES;
				CLANG_ANALYZER_NONNULL = YES;
				CLANG_ANALYZER_NUMBER_OBJECT_CONVERSION = YES_AGGRESSIVE;
				CLANG_CXX_LANGUAGE_STANDARD = "gnu++20";
				CLANG_ENABLE_MODULES = YES;
				CLANG_ENABLE_OBJC_ARC = YES;
				CLANG_ENABLE_OBJC_WEAK = YES;
				CLANG_WARN_BLOCK_CAPTURE_AUTORELEASING = YES;
				CLANG_WARN_BOOL_CONVERSION = YES;
				CLANG_WARN_COMMA = YES;
				CLANG_WARN_CONSTANT_CONVERSION = YES;
				CLANG_WARN_DEPRECATED_OBJC_IMPLEMENTATIONS = YES;
				CLANG_WARN_DIRECT_OBJC_ISA_USAGE = YES_ERROR;
				CLANG_WARN_DOCUMENTATION_COMMENTS = YES;
				CLANG_WARN_EMPTY_BODY = YES;
				CLANG_WARN_ENUM_CONVERSION = YES;
				CLANG_WARN_INFINITE_RECURSION = YES;
				CLANG_WARN_INT_CONVERSION = YES;
				CLANG_WARN_NON_LITERAL_NULL_CONVERSION = YES;
				CLANG_WARN_OBJC_IMPLICIT_RETAIN_SELF = YES;
				CLANG_WARN_OBJC_LITERAL_CONVERSION = YES;
				CLANG_WARN_OBJC_ROOT_CLASS = YES_ERROR;
				CLANG_WARN_QUOTED_INCLUDE_IN_FRAMEWORK_HEADER = YES;
				CLANG_WARN_RANGE_LOOP_ANALYSIS = YES;
				CLANG_WARN_STRICT_PROTOTYPES = YES;
				CLANG_WARN_SUSPICIOUS_MOVE = YES;
				CLANG_WARN_UNGUARDED_AVAILABILITY = YES_AGGRESSIVE;
				CLANG_WARN_UNREACHABLE_CODE = YES;
				CLANG_WARN__DUPLICATE_METHOD_MATCH = YES;
				COPY_PHASE_STRIP = NO;
				DEBUG_INFORMATION_FORMAT = dwarf;
				DEVELOPMENT_TEAM = DJX9247S8Q;
				ENABLE_STRICT_OBJC_MSGSEND = YES;
				ENABLE_TESTABILITY = YES;
				ENABLE_USER_SCRIPT_SANDBOXING = YES;
				GCC_C_LANGUAGE_STANDARD = gnu17;
				GCC_DYNAMIC_NO_PIC = NO;
				GCC_NO_COMMON_BLOCKS = YES;
				GCC_OPTIMIZATION_LEVEL = 0;
				GCC_PREPROCESSOR_DEFINITIONS = (
					"DEBUG=1",
					"$(inherited)",
				);
				GCC_WARN_64_TO_32_BIT_CONVERSION = YES;
				GCC_WARN_ABOUT_RETURN_TYPE = YES_ERROR;
				GCC_WARN_UNDECLARED_SELECTOR = YES;
				GCC_WARN_UNINITIALIZED_AUTOS = YES_AGGRESSIVE;
				GCC_WARN_UNUSED_FUNCTION = YES;
				GCC_WARN_UNUSED_VARIABLE = YES;
				IPHONEOS_DEPLOYMENT_TARGET = 18.4;
				LOCALIZATION_PREFERS_STRING_CATALOGS = YES;
				MTL_ENABLE_DEBUG_INFO = INCLUDE_SOURCE;
				MTL_FAST_MATH = YES;
				ONLY_ACTIVE_ARCH = YES;
				SDKROOT = iphoneos;
				SWIFT_ACTIVE_COMPILATION_CONDITIONS = "DEBUG $(inherited)";
				SWIFT_OPTIMIZATION_LEVEL = "-Onone";
			};
			name = Debug;
		};
		B3F41A9C2E06219C00B9377A /* Release */ = {
			isa = XCBuildConfiguration;
			buildSettings = {
				ALWAYS_SEARCH_USER_PATHS = NO;
				ASSETCATALOG_COMPILER_GENERATE_SWIFT_ASSET_SYMBOL_EXTENSIONS = YES;
				CLANG_ANALYZER_NONNULL = YES;
				CLANG_ANALYZER_NUMBER_OBJECT_CONVERSION = YES_AGGRESSIVE;
				CLANG_CXX_LANGUAGE_STANDARD = "gnu++20";
				CLANG_ENABLE_MODULES = YES;
				CLANG_ENABLE_OBJC_ARC = YES;
				CLANG_ENABLE_OBJC_WEAK = YES;
				CLANG_WARN_BLOCK_CAPTURE_AUTORELEASING = YES;
				CLANG_WARN_BOOL_CONVERSION = YES;
				CLANG_WARN_COMMA = YES;
				CLANG_WARN_CONSTANT_CONVERSION = YES;
				CLANG_WARN_DEPRECATED_OBJC_IMPLEMENTATIONS = YES;
				CLANG_WARN_DIRECT_OBJC_ISA_USAGE = YES_ERROR;
				CLANG_WARN_DOCUMENTATION_COMMENTS = YES;
				CLANG_WARN_EMPTY_BODY = YES;
				CLANG_WARN_ENUM_CONVERSION = YES;
				CLANG_WARN_INFINITE_RECURSION = YES;
				CLANG_WARN_INT_CONVERSION = YES;
				CLANG_WARN_NON_LITERAL_NULL_CONVERSION = YES;
				CLANG_WARN_OBJC_IMPLICIT_RETAIN_SELF = YES;
				CLANG_WARN_OBJC_LITERAL_CONVERSION = YES;
				CLANG_WARN_OBJC_ROOT_CLASS = YES_ERROR;
				CLANG_WARN_QUOTED_INCLUDE_IN_FRAMEWORK_HEADER = YES;
				CLANG_WARN_RANGE_LOOP_ANALYSIS = YES;
				CLANG_WARN_STRICT_PROTOTYPES = YES;
				CLANG_WARN_SUSPICIOUS_MOVE = YES;
				CLANG_WARN_UNGUARDED_AVAILABILITY = YES_AGGRESSIVE;
				CLANG_WARN_UNREACHABLE_CODE = YES;
				CLANG_WARN__DUPLICATE_METHOD_MATCH = YES;
				COPY_PHASE_STRIP = NO;
				DEBUG_INFORMATION_FORMAT = "dwarf-with-dsym";
				DEVELOPMENT_TEAM = DJX9247S8Q;
				ENABLE_NS_ASSERTIONS = NO;
				ENABLE_STRICT_OBJC_MSGSEND = YES;
				ENABLE_USER_SCRIPT_SANDBOXING = YES;
				GCC_C_LANGUAGE_STANDARD = gnu17;
				GCC_NO_COMMON_BLOCKS = YES;
				GCC_WARN_64_TO_32_BIT_CONVERSION = YES;
				GCC_WARN_ABOUT_RETURN_TYPE = YES_ERROR;
				GCC_WARN_UNDECLARED_SELECTOR = YES;
				GCC_WARN_UNINITIALIZED_AUTOS = YES_AGGRESSIVE;
				GCC_WARN_UNUSED_FUNCTION = YES;
				GCC_WARN_UNUSED_VARIABLE = YES;
				IPHONEOS_DEPLOYMENT_TARGET = 18.4;
				LOCALIZATION_PREFERS_STRING_CATALOGS = YES;
				MTL_ENABLE_DEBUG_INFO = NO;
				MTL_FAST_MATH = YES;
				SDKROOT = iphoneos;
				SWIFT_COMPILATION_MODE = wholemodule;
				VALIDATE_PRODUCT = YES;
			};
			name = Release;
		};
		B3F41A9E2E06219C00B9377A /* Debug */ = {
			isa = XCBuildConfiguration;
			buildSettings = {
				ASSETCATALOG_COMPILER_APPICON_NAME = AppIcon;
				ASSETCATALOG_COMPILER_GLOBAL_ACCENT_COLOR_NAME = AccentColor;
				ASSETCATALOG_COMPILER_INCLUDE_ALL_APPICON_ASSETS = YES;
				CODE_SIGN_STYLE = Automatic;
				CURRENT_PROJECT_VERSION = 1;
				DEVELOPMENT_TEAM = DJX9247S8Q;
				ENABLE_PREVIEWS = YES;
				GENERATE_INFOPLIST_FILE = YES;
				INFOPLIST_KEY_LSApplicationCategoryType = "public.app-category.healthcare-fitness";
				INFOPLIST_KEY_NSLocationAlwaysAndWhenInUseUsageDescription = "Always location, maybe needed.";
				INFOPLIST_KEY_NSLocationWhenInUseUsageDescription = "Hello world! Give location, info tab in .xcodeproj";
				INFOPLIST_KEY_UIApplicationSceneManifest_Generation = YES;
				INFOPLIST_KEY_UIApplicationSupportsIndirectInputEvents = YES;
				INFOPLIST_KEY_UILaunchScreen_Generation = YES;
				INFOPLIST_KEY_UISupportedInterfaceOrientations = UIInterfaceOrientationPortrait;
				IPHONEOS_DEPLOYMENT_TARGET = 16.6;
				LD_RUNPATH_SEARCH_PATHS = (
					"$(inherited)",
					"@executable_path/Frameworks",
				);
				MARKETING_VERSION = 3.2.0;
				PRODUCT_BUNDLE_IDENTIFIER = org.kalefamily.connor.MetroGnome;
				PRODUCT_NAME = "$(TARGET_NAME)";
				SWIFT_EMIT_LOC_STRINGS = YES;
				SWIFT_VERSION = 5.0;
				TARGETED_DEVICE_FAMILY = "1,2";
			};
			name = Debug;
		};
		B3F41A9F2E06219C00B9377A /* Release */ = {
			isa = XCBuildConfiguration;
			buildSettings = {
				ASSETCATALOG_COMPILER_APPICON_NAME = AppIcon;
				ASSETCATALOG_COMPILER_GLOBAL_ACCENT_COLOR_NAME = AccentColor;
				ASSETCATALOG_COMPILER_INCLUDE_ALL_APPICON_ASSETS = YES;
				CODE_SIGN_STYLE = Automatic;
				CURRENT_PROJECT_VERSION = 1;
				DEVELOPMENT_TEAM = DJX9247S8Q;
				ENABLE_PREVIEWS = YES;
				GENERATE_INFOPLIST_FILE = YES;
				INFOPLIST_KEY_LSApplicationCategoryType = "public.app-category.healthcare-fitness";
				INFOPLIST_KEY_NSLocationAlwaysAndWhenInUseUsageDescription = "Always location, maybe needed.";
				INFOPLIST_KEY_NSLocationWhenInUseUsageDescription = "Hello world! Give location, info tab in .xcodeproj";
				INFOPLIST_KEY_UIApplicationSceneManifest_Generation = YES;
				INFOPLIST_KEY_UIApplicationSupportsIndirectInputEvents = YES;
				INFOPLIST_KEY_UILaunchScreen_Generation = YES;
				INFOPLIST_KEY_UISupportedInterfaceOrientations = UIInterfaceOrientationPortrait;
				IPHONEOS_DEPLOYMENT_TARGET = 16.6;
				LD_RUNPATH_SEARCH_PATHS = (
					"$(inherited)",
					"@executable_path/Frameworks",
				);
				MARKETING_VERSION = 3.2.0;
				PRODUCT_BUNDLE_IDENTIFIER = org.kalefamily.connor.MetroGnome;
				PRODUCT_NAME = "$(TARGET_NAME)";
				SWIFT_EMIT_LOC_STRINGS = YES;
				SWIFT_VERSION = 5.0;
				TARGETED_DEVICE_FAMILY = "1,2";
			};
			name = Release;
		};
		B3F41AA12E06219C00B9377A /* Debug */ = {
			isa = XCBuildConfiguration;
			buildSettings = {
				BUNDLE_LOADER = "$(TEST_HOST)";
				CODE_SIGN_STYLE = Automatic;
				CURRENT_PROJECT_VERSION = 1;
				DEVELOPMENT_TEAM = DJX9247S8Q;
				GENERATE_INFOPLIST_FILE = YES;
				IPHONEOS_DEPLOYMENT_TARGET = 18.4;
				MARKETING_VERSION = 1.0;
				PRODUCT_BUNDLE_IDENTIFIER = org.kalefamily.connor.MetroGnomeTests;
				PRODUCT_NAME = "$(TARGET_NAME)";
				SWIFT_EMIT_LOC_STRINGS = NO;
				SWIFT_VERSION = 5.0;
				TARGETED_DEVICE_FAMILY = "1,2";
				TEST_HOST = "$(BUILT_PRODUCTS_DIR)/MetroGnome.app/$(BUNDLE_EXECUTABLE_FOLDER_PATH)/MetroGnome";
			};
			name = Debug;
		};
		B3F41AA22E06219C00B9377A /* Release */ = {
			isa = XCBuildConfiguration;
			buildSettings = {
				BUNDLE_LOADER = "$(TEST_HOST)";
				CODE_SIGN_STYLE = Automatic;
				CURRENT_PROJECT_VERSION = 1;
				DEVELOPMENT_TEAM = DJX9247S8Q;
				GENERATE_INFOPLIST_FILE = YES;
				IPHONEOS_DEPLOYMENT_TARGET = 18.4;
				MARKETING_VERSION = 1.0;
				PRODUCT_BUNDLE_IDENTIFIER = org.kalefamily.connor.MetroGnomeTests;
				PRODUCT_NAME = "$(TARGET_NAME)";
				SWIFT_EMIT_LOC_STRINGS = NO;
				SWIFT_VERSION = 5.0;
				TARGETED_DEVICE_FAMILY = "1,2";
				TEST_HOST = "$(BUILT_PRODUCTS_DIR)/MetroGnome.app/$(BUNDLE_EXECUTABLE_FOLDER_PATH)/MetroGnome";
			};
			name = Release;
		};
		B3F41AA42E06219C00B9377A /* Debug */ = {
			isa = XCBuildConfiguration;
			buildSettings = {
				CODE_SIGN_STYLE = Automatic;
				CURRENT_PROJECT_VERSION = 1;
				DEVELOPMENT_TEAM = DJX9247S8Q;
				GENERATE_INFOPLIST_FILE = YES;
				MARKETING_VERSION = 1.0;
				PRODUCT_BUNDLE_IDENTIFIER = org.kalefamily.connor.MetroGnomeUITests;
				PRODUCT_NAME = "$(TARGET_NAME)";
				SWIFT_EMIT_LOC_STRINGS = NO;
				SWIFT_VERSION = 5.0;
				TARGETED_DEVICE_FAMILY = "1,2";
				TEST_TARGET_NAME = MetroGnome;
			};
			name = Debug;
		};
		B3F41AA52E06219C00B9377A /* Release */ = {
			isa = XCBuildConfiguration;
			buildSettings = {
				CODE_SIGN_STYLE = Automatic;
				CURRENT_PROJECT_VERSION = 1;
				DEVELOPMENT_TEAM = DJX9247S8Q;
				GENERATE_INFOPLIST_FILE = YES;
				MARKETING_VERSION = 1.0;
				PRODUCT_BUNDLE_IDENTIFIER = org.kalefamily.connor.MetroGnomeUITests;
				PRODUCT_NAME = "$(TARGET_NAME)";
				SWIFT_EMIT_LOC_STRINGS = NO;
				SWIFT_VERSION = 5.0;
				TARGETED_DEVICE_FAMILY = "1,2";
				TEST_TARGET_NAME = MetroGnome;
			};
			name = Release;
		};
		C38CCD372EC527D700EDEC45 /* Debug */ = {
			isa = XCBuildConfiguration;
			buildSettings = {
				CODE_SIGN_STYLE = Automatic;
				CURRENT_PROJECT_VERSION = 1;
				DEVELOPMENT_TEAM = DJX9247S8Q;
				INFOPLIST_KEY_CFBundleDisplayName = WatchMetroGnome;
				MARKETING_VERSION = 1.0;
				PRODUCT_BUNDLE_IDENTIFIER = name.ConnorKale.WatchMetroGnome;
				PRODUCT_NAME = "$(TARGET_NAME)";
				SWIFT_APPROACHABLE_CONCURRENCY = YES;
				SWIFT_UPCOMING_FEATURE_MEMBER_IMPORT_VISIBILITY = YES;
				SWIFT_VERSION = 5.0;
			};
			name = Debug;
		};
		C38CCD382EC527D700EDEC45 /* Release */ = {
			isa = XCBuildConfiguration;
			buildSettings = {
				CODE_SIGN_STYLE = Automatic;
				CURRENT_PROJECT_VERSION = 1;
				DEVELOPMENT_TEAM = DJX9247S8Q;
				INFOPLIST_KEY_CFBundleDisplayName = WatchMetroGnome;
				MARKETING_VERSION = 1.0;
				PRODUCT_BUNDLE_IDENTIFIER = name.ConnorKale.WatchMetroGnome;
				PRODUCT_NAME = "$(TARGET_NAME)";
				SWIFT_APPROACHABLE_CONCURRENCY = YES;
				SWIFT_UPCOMING_FEATURE_MEMBER_IMPORT_VISIBILITY = YES;
				SWIFT_VERSION = 5.0;
			};
			name = Release;
		};
		C38CCD3A2EC527D700EDEC45 /* Debug */ = {
			isa = XCBuildConfiguration;
			buildSettings = {
				ASSETCATALOG_COMPILER_APPICON_NAME = AppIcon;
				ASSETCATALOG_COMPILER_GLOBAL_ACCENT_COLOR_NAME = AccentColor;
				CODE_SIGN_STYLE = Automatic;
				CURRENT_PROJECT_VERSION = 1;
				DEVELOPMENT_TEAM = DJX9247S8Q;
				ENABLE_PREVIEWS = YES;
				GENERATE_INFOPLIST_FILE = YES;
				INFOPLIST_KEY_CFBundleDisplayName = WatchMetroGnome;
				INFOPLIST_KEY_UISupportedInterfaceOrientations = "UIInterfaceOrientationPortrait UIInterfaceOrientationPortraitUpsideDown";
				INFOPLIST_KEY_WKWatchOnly = YES;
				LD_RUNPATH_SEARCH_PATHS = (
					"$(inherited)",
					"@executable_path/Frameworks",
				);
				MARKETING_VERSION = 1.0;
				PRODUCT_BUNDLE_IDENTIFIER = name.ConnorKale.WatchMetroGnome.watchkitapp;
				PRODUCT_NAME = "$(TARGET_NAME)";
				SDKROOT = watchos;
				SKIP_INSTALL = YES;
				STRING_CATALOG_GENERATE_SYMBOLS = YES;
				SWIFT_APPROACHABLE_CONCURRENCY = YES;
				SWIFT_DEFAULT_ACTOR_ISOLATION = MainActor;
				SWIFT_EMIT_LOC_STRINGS = YES;
				SWIFT_UPCOMING_FEATURE_MEMBER_IMPORT_VISIBILITY = YES;
				SWIFT_VERSION = 5.0;
				TARGETED_DEVICE_FAMILY = 4;
				WATCHOS_DEPLOYMENT_TARGET = 26.0;
			};
			name = Debug;
		};
		C38CCD3B2EC527D700EDEC45 /* Release */ = {
			isa = XCBuildConfiguration;
			buildSettings = {
				ASSETCATALOG_COMPILER_APPICON_NAME = AppIcon;
				ASSETCATALOG_COMPILER_GLOBAL_ACCENT_COLOR_NAME = AccentColor;
				CODE_SIGN_STYLE = Automatic;
				CURRENT_PROJECT_VERSION = 1;
				DEVELOPMENT_TEAM = DJX9247S8Q;
				ENABLE_PREVIEWS = YES;
				GENERATE_INFOPLIST_FILE = YES;
				INFOPLIST_KEY_CFBundleDisplayName = WatchMetroGnome;
				INFOPLIST_KEY_UISupportedInterfaceOrientations = "UIInterfaceOrientationPortrait UIInterfaceOrientationPortraitUpsideDown";
				INFOPLIST_KEY_WKWatchOnly = YES;
				LD_RUNPATH_SEARCH_PATHS = (
					"$(inherited)",
					"@executable_path/Frameworks",
				);
				MARKETING_VERSION = 1.0;
				PRODUCT_BUNDLE_IDENTIFIER = name.ConnorKale.WatchMetroGnome.watchkitapp;
				PRODUCT_NAME = "$(TARGET_NAME)";
				SDKROOT = watchos;
				SKIP_INSTALL = YES;
				STRING_CATALOG_GENERATE_SYMBOLS = YES;
				SWIFT_APPROACHABLE_CONCURRENCY = YES;
				SWIFT_DEFAULT_ACTOR_ISOLATION = MainActor;
				SWIFT_EMIT_LOC_STRINGS = YES;
				SWIFT_UPCOMING_FEATURE_MEMBER_IMPORT_VISIBILITY = YES;
				SWIFT_VERSION = 5.0;
				TARGETED_DEVICE_FAMILY = 4;
				WATCHOS_DEPLOYMENT_TARGET = 26.0;
			};
			name = Release;
		};
		C38CCD3C2EC527D700EDEC45 /* Debug */ = {
			isa = XCBuildConfiguration;
			buildSettings = {
				BUNDLE_LOADER = "$(TEST_HOST)";
				CODE_SIGN_STYLE = Automatic;
				CURRENT_PROJECT_VERSION = 1;
				DEVELOPMENT_TEAM = DJX9247S8Q;
				GENERATE_INFOPLIST_FILE = YES;
				MARKETING_VERSION = 1.0;
				PRODUCT_BUNDLE_IDENTIFIER = "name.ConnorKale.WatchMetroGnome-Watch-AppTests";
				PRODUCT_NAME = "$(TARGET_NAME)";
				SDKROOT = watchos;
				STRING_CATALOG_GENERATE_SYMBOLS = NO;
				SWIFT_APPROACHABLE_CONCURRENCY = YES;
				SWIFT_EMIT_LOC_STRINGS = NO;
				SWIFT_UPCOMING_FEATURE_MEMBER_IMPORT_VISIBILITY = YES;
				SWIFT_VERSION = 5.0;
				TARGETED_DEVICE_FAMILY = 4;
				TEST_HOST = "$(BUILT_PRODUCTS_DIR)/WatchMetroGnome Watch App.app/$(BUNDLE_EXECUTABLE_FOLDER_PATH)/WatchMetroGnome Watch App";
				WATCHOS_DEPLOYMENT_TARGET = 26.0;
			};
			name = Debug;
		};
		C38CCD3D2EC527D700EDEC45 /* Release */ = {
			isa = XCBuildConfiguration;
			buildSettings = {
				BUNDLE_LOADER = "$(TEST_HOST)";
				CODE_SIGN_STYLE = Automatic;
				CURRENT_PROJECT_VERSION = 1;
				DEVELOPMENT_TEAM = DJX9247S8Q;
				GENERATE_INFOPLIST_FILE = YES;
				MARKETING_VERSION = 1.0;
				PRODUCT_BUNDLE_IDENTIFIER = "name.ConnorKale.WatchMetroGnome-Watch-AppTests";
				PRODUCT_NAME = "$(TARGET_NAME)";
				SDKROOT = watchos;
				STRING_CATALOG_GENERATE_SYMBOLS = NO;
				SWIFT_APPROACHABLE_CONCURRENCY = YES;
				SWIFT_EMIT_LOC_STRINGS = NO;
				SWIFT_UPCOMING_FEATURE_MEMBER_IMPORT_VISIBILITY = YES;
				SWIFT_VERSION = 5.0;
				TARGETED_DEVICE_FAMILY = 4;
				TEST_HOST = "$(BUILT_PRODUCTS_DIR)/WatchMetroGnome Watch App.app/$(BUNDLE_EXECUTABLE_FOLDER_PATH)/WatchMetroGnome Watch App";
				WATCHOS_DEPLOYMENT_TARGET = 26.0;
			};
			name = Release;
		};
		C38CCD3E2EC527D700EDEC45 /* Debug */ = {
			isa = XCBuildConfiguration;
			buildSettings = {
				CODE_SIGN_STYLE = Automatic;
				CURRENT_PROJECT_VERSION = 1;
				DEVELOPMENT_TEAM = DJX9247S8Q;
				GENERATE_INFOPLIST_FILE = YES;
				MARKETING_VERSION = 1.0;
				PRODUCT_BUNDLE_IDENTIFIER = "name.ConnorKale.WatchMetroGnome-Watch-AppUITests";
				PRODUCT_NAME = "$(TARGET_NAME)";
				SDKROOT = watchos;
				STRING_CATALOG_GENERATE_SYMBOLS = NO;
				SWIFT_APPROACHABLE_CONCURRENCY = YES;
				SWIFT_EMIT_LOC_STRINGS = NO;
				SWIFT_UPCOMING_FEATURE_MEMBER_IMPORT_VISIBILITY = YES;
				SWIFT_VERSION = 5.0;
				TARGETED_DEVICE_FAMILY = 4;
				TEST_TARGET_NAME = "WatchMetroGnome Watch App";
				WATCHOS_DEPLOYMENT_TARGET = 26.0;
			};
			name = Debug;
		};
		C38CCD3F2EC527D700EDEC45 /* Release */ = {
			isa = XCBuildConfiguration;
			buildSettings = {
				CODE_SIGN_STYLE = Automatic;
				CURRENT_PROJECT_VERSION = 1;
				DEVELOPMENT_TEAM = DJX9247S8Q;
				GENERATE_INFOPLIST_FILE = YES;
				MARKETING_VERSION = 1.0;
				PRODUCT_BUNDLE_IDENTIFIER = "name.ConnorKale.WatchMetroGnome-Watch-AppUITests";
				PRODUCT_NAME = "$(TARGET_NAME)";
				SDKROOT = watchos;
				STRING_CATALOG_GENERATE_SYMBOLS = NO;
				SWIFT_APPROACHABLE_CONCURRENCY = YES;
				SWIFT_EMIT_LOC_STRINGS = NO;
				SWIFT_UPCOMING_FEATURE_MEMBER_IMPORT_VISIBILITY = YES;
				SWIFT_VERSION = 5.0;
				TARGETED_DEVICE_FAMILY = 4;
				TEST_TARGET_NAME = "WatchMetroGnome Watch App";
				WATCHOS_DEPLOYMENT_TARGET = 26.0;
			};
			name = Release;
		};
/* End XCBuildConfiguration section */

/* Begin XCConfigurationList section */
		B3F41A772E06219B00B9377A /* Build configuration list for PBXProject "MetroGnome" */ = {
			isa = XCConfigurationList;
			buildConfigurations = (
				B3F41A9B2E06219C00B9377A /* Debug */,
				B3F41A9C2E06219C00B9377A /* Release */,
			);
			defaultConfigurationIsVisible = 0;
			defaultConfigurationName = Release;
		};
		B3F41A9D2E06219C00B9377A /* Build configuration list for PBXNativeTarget "MetroGnome" */ = {
			isa = XCConfigurationList;
			buildConfigurations = (
				B3F41A9E2E06219C00B9377A /* Debug */,
				B3F41A9F2E06219C00B9377A /* Release */,
			);
			defaultConfigurationIsVisible = 0;
			defaultConfigurationName = Release;
		};
		B3F41AA02E06219C00B9377A /* Build configuration list for PBXNativeTarget "MetroGnomeTests" */ = {
			isa = XCConfigurationList;
			buildConfigurations = (
				B3F41AA12E06219C00B9377A /* Debug */,
				B3F41AA22E06219C00B9377A /* Release */,
			);
			defaultConfigurationIsVisible = 0;
			defaultConfigurationName = Release;
		};
		B3F41AA32E06219C00B9377A /* Build configuration list for PBXNativeTarget "MetroGnomeUITests" */ = {
			isa = XCConfigurationList;
			buildConfigurations = (
				B3F41AA42E06219C00B9377A /* Debug */,
				B3F41AA52E06219C00B9377A /* Release */,
			);
			defaultConfigurationIsVisible = 0;
			defaultConfigurationName = Release;
		};
		C38CCD402EC527D700EDEC45 /* Build configuration list for PBXNativeTarget "WatchMetroGnome Watch App" */ = {
			isa = XCConfigurationList;
			buildConfigurations = (
				C38CCD3A2EC527D700EDEC45 /* Debug */,
				C38CCD3B2EC527D700EDEC45 /* Release */,
			);
			defaultConfigurationIsVisible = 0;
			defaultConfigurationName = Release;
		};
		C38CCD412EC527D700EDEC45 /* Build configuration list for PBXNativeTarget "WatchMetroGnome" */ = {
			isa = XCConfigurationList;
			buildConfigurations = (
				C38CCD372EC527D700EDEC45 /* Debug */,
				C38CCD382EC527D700EDEC45 /* Release */,
			);
			defaultConfigurationIsVisible = 0;
			defaultConfigurationName = Release;
		};
		C38CCD422EC527D700EDEC45 /* Build configuration list for PBXNativeTarget "WatchMetroGnome Watch AppTests" */ = {
			isa = XCConfigurationList;
			buildConfigurations = (
				C38CCD3C2EC527D700EDEC45 /* Debug */,
				C38CCD3D2EC527D700EDEC45 /* Release */,
			);
			defaultConfigurationIsVisible = 0;
			defaultConfigurationName = Release;
		};
		C38CCD432EC527D700EDEC45 /* Build configuration list for PBXNativeTarget "WatchMetroGnome Watch AppUITests" */ = {
			isa = XCConfigurationList;
			buildConfigurations = (
				C38CCD3E2EC527D700EDEC45 /* Debug */,
				C38CCD3F2EC527D700EDEC45 /* Release */,
			);
			defaultConfigurationIsVisible = 0;
			defaultConfigurationName = Release;
		};
/* End XCConfigurationList section */
	};
	rootObject = B3F41A742E06219B00B9377A /* Project object */;
}
